<Solution>
  <Folder Name="/Task0/">
    <Project Path="Tyuiu.NasonovaSV.Sprint0.Task0.V0/Tyuiu.NasonovaSV.Sprint0.Task0.V0.csproj" Id="cd5bf365-4a7a-4774-9bf2-c9aa9e82e01b" />
  </Folder>
  <Folder Name="/Task1/">
    <Project Path="Tyuiu.NasonovaSV.Sprint0.Task1.V0/Tyuiu.NasonovaSV.Sprint0.Task1.V0.csproj" Id="a0951cfd-b199-4834-8e49-1e42dde23cbb" />
  </Folder>
</Solution>
